
Microsoft Visual Studio Solution File, Format Version 12.00
# Visual Studio Version 17
VisualStudioVersion = 17.7.34003.232
MinimumVisualStudioVersion = 10.0.40219.1
Project("{FAE04EC0-301F-11D3-BF4B-00C04F79EFBC}") = "Selfcheckoutwebsite", "Selfcheckoutwebsite\Selfcheckoutwebsite.csproj", "{7D6003E4-2FAE-4C74-9683-E270267C975F}"
EndProject
Global
	GlobalSection(SolutionConfigurationPlatforms) = preSolution
		Debug|Any CPU = Debug|Any CPU
		Release|Any CPU = Release|Any CPU
	EndGlobalSection
	GlobalSection(ProjectConfigurationPlatforms) = postSolution
		{7D6003E4-2FAE-4C74-9683-E270267C975F}.Debug|Any CPU.ActiveCfg = Debug|Any CPU
		{7D6003E4-2FAE-4C74-9683-E270267C975F}.Debug|Any CPU.Build.0 = Debug|Any CPU
		{7D6003E4-2FAE-4C74-9683-E270267C975F}.Release|Any CPU.ActiveCfg = Release|Any CPU
		{7D6003E4-2FAE-4C74-9683-E270267C975F}.Release|Any CPU.Build.0 = Release|Any CPU
	EndGlobalSection
	GlobalSection(SolutionProperties) = preSolution
		HideSolutionNode = FALSE
	EndGlobalSection
	GlobalSection(ExtensibilityGlobals) = postSolution
		SolutionGuid = {62557667-48C6-4EDD-8A19-CF4B0A96A6CE}
	EndGlobalSection
EndGlobal
